
Microsoft Visual Studio Solution File, Format Version 12.00
# Visual Studio Version 17
VisualStudioVersion = 17.5.002.0
MinimumVisualStudioVersion = 10.0.40219.1
Project("{2150E333-8FDC-42A3-9474-1A3956D46DE8}") = "sandbox", "sandbox", "{97B85604-A956-4C13-96D8-DCA254CA510F}"
EndProject
Project("{9A19103F-16F7-4668-BE54-9A1E7A4F7556}") = "sandbox_project", "sandbox\sandbox_project\sandbox_project.csproj", "{D384B4F9-F823-4CBE-9E2B-CB34C0D59F28}"
EndProject
Project("{2150E333-8FDC-42A3-9474-1A3956D46DE8}") = "week01", "week01", "{1989C9F8-6240-48BD-A8CC-2F0844A19DB3}"
EndProject
Project("{9A19103F-16F7-4668-BE54-9A1E7A4F7556}") = "analyze", "week01\analyze\analyze.csproj", "{9D916CC2-420B-4A7B-92C8-965FA363698F}"
EndProject
Project("{9A19103F-16F7-4668-BE54-9A1E7A4F7556}") = "code", "week01\code\code.csproj", "{0B52274C-56F6-4138-8A3C-C1D75409104E}"
EndProject
Project("{9A19103F-16F7-4668-BE54-9A1E7A4F7556}") = "teach", "week01\teach\teach.csproj", "{80A30C8B-902F-4ABE-A3AC-129B547E7132}"
EndProject
Project("{2150E333-8FDC-42A3-9474-1A3956D46DE8}") = "week02", "week02", "{F760AEF7-977A-40B6-B125-F45050E86004}"
EndProject
Project("{9A19103F-16F7-4668-BE54-9A1E7A4F7556}") = "analyze", "week02\analyze\analyze.csproj", "{058CBDDF-F0AE-4303-B264-42C84933211F}"
EndProject
Project("{9A19103F-16F7-4668-BE54-9A1E7A4F7556}") = "code", "week02\code\code.csproj", "{6775A0CD-F18E-40B9-B0AD-D5B89573267B}"
EndProject
Project("{9A19103F-16F7-4668-BE54-9A1E7A4F7556}") = "learn", "week02\learn\learn.csproj", "{9833CDA0-CE7B-48DD-AFFF-E30B242FA84C}"
EndProject
Project("{9A19103F-16F7-4668-BE54-9A1E7A4F7556}") = "teach", "week02\teach\teach.csproj", "{5AB13EB1-95C9-406D-A01A-7E534E885848}"
EndProject
Project("{2150E333-8FDC-42A3-9474-1A3956D46DE8}") = "week03", "week03", "{028C9676-95E6-465F-A43B-A1030BE1B662}"
EndProject
Project("{9A19103F-16F7-4668-BE54-9A1E7A4F7556}") = "code", "week03\code\code.csproj", "{88FA2DBA-A006-4011-869A-C99244CA1E1B}"
EndProject
Project("{9A19103F-16F7-4668-BE54-9A1E7A4F7556}") = "learn", "week03\learn\learn.csproj", "{7BE3F0BF-1604-460E-A86A-9D6391136B80}"
EndProject
Project("{9A19103F-16F7-4668-BE54-9A1E7A4F7556}") = "teach", "week03\teach\teach.csproj", "{3EE388A7-A90C-46FD-9A3E-6A21D323461A}"
EndProject
Project("{2150E333-8FDC-42A3-9474-1A3956D46DE8}") = "week04", "week04", "{377CC505-393D-4EB6-A8F0-33C3DFF5ED07}"
EndProject
Project("{9A19103F-16F7-4668-BE54-9A1E7A4F7556}") = "code", "week04\code\code.csproj", "{8156817F-BC94-448C-B633-C7F49E9E7FA7}"
EndProject
Project("{2150E333-8FDC-42A3-9474-1A3956D46DE8}") = "week05", "week05", "{97994DA1-753B-454D-98AB-C1BE854BBD95}"
EndProject
Project("{9A19103F-16F7-4668-BE54-9A1E7A4F7556}") = "code", "week05\code\code.csproj", "{96C26C9C-EC5E-47B6-9B9A-7BEE2FBFDF43}"
EndProject
Project("{2150E333-8FDC-42A3-9474-1A3956D46DE8}") = "week06", "week06", "{876DD4F6-EDC1-44EA-B1FE-693D6B3FF663}"
EndProject
Project("{9A19103F-16F7-4668-BE54-9A1E7A4F7556}") = "code", "week06\code\code.csproj", "{7A60DCD2-1F0E-4A2B-9CB9-7CE773427A04}"
EndProject
Global
	GlobalSection(SolutionConfigurationPlatforms) = preSolution
		Debug|Any CPU = Debug|Any CPU
		Release|Any CPU = Release|Any CPU
	EndGlobalSection
	GlobalSection(ProjectConfigurationPlatforms) = postSolution
		{D384B4F9-F823-4CBE-9E2B-CB34C0D59F28}.Debug|Any CPU.ActiveCfg = Debug|Any CPU
		{D384B4F9-F823-4CBE-9E2B-CB34C0D59F28}.Debug|Any CPU.Build.0 = Debug|Any CPU
		{D384B4F9-F823-4CBE-9E2B-CB34C0D59F28}.Release|Any CPU.ActiveCfg = Release|Any CPU
		{D384B4F9-F823-4CBE-9E2B-CB34C0D59F28}.Release|Any CPU.Build.0 = Release|Any CPU
		{9D916CC2-420B-4A7B-92C8-965FA363698F}.Debug|Any CPU.ActiveCfg = Debug|Any CPU
		{9D916CC2-420B-4A7B-92C8-965FA363698F}.Debug|Any CPU.Build.0 = Debug|Any CPU
		{9D916CC2-420B-4A7B-92C8-965FA363698F}.Release|Any CPU.ActiveCfg = Release|Any CPU
		{9D916CC2-420B-4A7B-92C8-965FA363698F}.Release|Any CPU.Build.0 = Release|Any CPU
		{0B52274C-56F6-4138-8A3C-C1D75409104E}.Debug|Any CPU.ActiveCfg = Debug|Any CPU
		{0B52274C-56F6-4138-8A3C-C1D75409104E}.Debug|Any CPU.Build.0 = Debug|Any CPU
		{0B52274C-56F6-4138-8A3C-C1D75409104E}.Release|Any CPU.ActiveCfg = Release|Any CPU
		{0B52274C-56F6-4138-8A3C-C1D75409104E}.Release|Any CPU.Build.0 = Release|Any CPU
		{80A30C8B-902F-4ABE-A3AC-129B547E7132}.Debug|Any CPU.ActiveCfg = Debug|Any CPU
		{80A30C8B-902F-4ABE-A3AC-129B547E7132}.Debug|Any CPU.Build.0 = Debug|Any CPU
		{80A30C8B-902F-4ABE-A3AC-129B547E7132}.Release|Any CPU.ActiveCfg = Release|Any CPU
		{80A30C8B-902F-4ABE-A3AC-129B547E7132}.Release|Any CPU.Build.0 = Release|Any CPU
		{058CBDDF-F0AE-4303-B264-42C84933211F}.Debug|Any CPU.ActiveCfg = Debug|Any CPU
		{058CBDDF-F0AE-4303-B264-42C84933211F}.Debug|Any CPU.Build.0 = Debug|Any CPU
		{058CBDDF-F0AE-4303-B264-42C84933211F}.Release|Any CPU.ActiveCfg = Release|Any CPU
		{058CBDDF-F0AE-4303-B264-42C84933211F}.Release|Any CPU.Build.0 = Release|Any CPU
		{6775A0CD-F18E-40B9-B0AD-D5B89573267B}.Debug|Any CPU.ActiveCfg = Debug|Any CPU
		{6775A0CD-F18E-40B9-B0AD-D5B89573267B}.Debug|Any CPU.Build.0 = Debug|Any CPU
		{6775A0CD-F18E-40B9-B0AD-D5B89573267B}.Release|Any CPU.ActiveCfg = Release|Any CPU
		{6775A0CD-F18E-40B9-B0AD-D5B89573267B}.Release|Any CPU.Build.0 = Release|Any CPU
		{9833CDA0-CE7B-48DD-AFFF-E30B242FA84C}.Debug|Any CPU.ActiveCfg = Debug|Any CPU
		{9833CDA0-CE7B-48DD-AFFF-E30B242FA84C}.Debug|Any CPU.Build.0 = Debug|Any CPU
		{9833CDA0-CE7B-48DD-AFFF-E30B242FA84C}.Release|Any CPU.ActiveCfg = Release|Any CPU
		{9833CDA0-CE7B-48DD-AFFF-E30B242FA84C}.Release|Any CPU.Build.0 = Release|Any CPU
		{5AB13EB1-95C9-406D-A01A-7E534E885848}.Debug|Any CPU.ActiveCfg = Debug|Any CPU
		{5AB13EB1-95C9-406D-A01A-7E534E885848}.Debug|Any CPU.Build.0 = Debug|Any CPU
		{5AB13EB1-95C9-406D-A01A-7E534E885848}.Release|Any CPU.ActiveCfg = Release|Any CPU
		{5AB13EB1-95C9-406D-A01A-7E534E885848}.Release|Any CPU.Build.0 = Release|Any CPU
		{88FA2DBA-A006-4011-869A-C99244CA1E1B}.Debug|Any CPU.ActiveCfg = Debug|Any CPU
		{88FA2DBA-A006-4011-869A-C99244CA1E1B}.Debug|Any CPU.Build.0 = Debug|Any CPU
		{88FA2DBA-A006-4011-869A-C99244CA1E1B}.Release|Any CPU.ActiveCfg = Release|Any CPU
		{88FA2DBA-A006-4011-869A-C99244CA1E1B}.Release|Any CPU.Build.0 = Release|Any CPU
		{7BE3F0BF-1604-460E-A86A-9D6391136B80}.Debug|Any CPU.ActiveCfg = Debug|Any CPU
		{7BE3F0BF-1604-460E-A86A-9D6391136B80}.Debug|Any CPU.Build.0 = Debug|Any CPU
		{7BE3F0BF-1604-460E-A86A-9D6391136B80}.Release|Any CPU.ActiveCfg = Release|Any CPU
		{7BE3F0BF-1604-460E-A86A-9D6391136B80}.Release|Any CPU.Build.0 = Release|Any CPU
		{3EE388A7-A90C-46FD-9A3E-6A21D323461A}.Debug|Any CPU.ActiveCfg = Debug|Any CPU
		{3EE388A7-A90C-46FD-9A3E-6A21D323461A}.Debug|Any CPU.Build.0 = Debug|Any CPU
		{3EE388A7-A90C-46FD-9A3E-6A21D323461A}.Release|Any CPU.ActiveCfg = Release|Any CPU
		{3EE388A7-A90C-46FD-9A3E-6A21D323461A}.Release|Any CPU.Build.0 = Release|Any CPU
		{8156817F-BC94-448C-B633-C7F49E9E7FA7}.Debug|Any CPU.ActiveCfg = Debug|Any CPU
		{8156817F-BC94-448C-B633-C7F49E9E7FA7}.Debug|Any CPU.Build.0 = Debug|Any CPU
		{8156817F-BC94-448C-B633-C7F49E9E7FA7}.Release|Any CPU.ActiveCfg = Release|Any CPU
		{8156817F-BC94-448C-B633-C7F49E9E7FA7}.Release|Any CPU.Build.0 = Release|Any CPU
		{96C26C9C-EC5E-47B6-9B9A-7BEE2FBFDF43}.Debug|Any CPU.ActiveCfg = Debug|Any CPU
		{96C26C9C-EC5E-47B6-9B9A-7BEE2FBFDF43}.Debug|Any CPU.Build.0 = Debug|Any CPU
		{96C26C9C-EC5E-47B6-9B9A-7BEE2FBFDF43}.Release|Any CPU.ActiveCfg = Release|Any CPU
		{96C26C9C-EC5E-47B6-9B9A-7BEE2FBFDF43}.Release|Any CPU.Build.0 = Release|Any CPU
		{7A60DCD2-1F0E-4A2B-9CB9-7CE773427A04}.Debug|Any CPU.ActiveCfg = Debug|Any CPU
		{7A60DCD2-1F0E-4A2B-9CB9-7CE773427A04}.Debug|Any CPU.Build.0 = Debug|Any CPU
		{7A60DCD2-1F0E-4A2B-9CB9-7CE773427A04}.Release|Any CPU.ActiveCfg = Release|Any CPU
		{7A60DCD2-1F0E-4A2B-9CB9-7CE773427A04}.Release|Any CPU.Build.0 = Release|Any CPU
	EndGlobalSection
	GlobalSection(SolutionProperties) = preSolution
		HideSolutionNode = FALSE
	EndGlobalSection
	GlobalSection(NestedProjects) = preSolution
		{D384B4F9-F823-4CBE-9E2B-CB34C0D59F28} = {97B85604-A956-4C13-96D8-DCA254CA510F}
		{9D916CC2-420B-4A7B-92C8-965FA363698F} = {1989C9F8-6240-48BD-A8CC-2F0844A19DB3}
		{0B52274C-56F6-4138-8A3C-C1D75409104E} = {1989C9F8-6240-48BD-A8CC-2F0844A19DB3}
		{80A30C8B-902F-4ABE-A3AC-129B547E7132} = {1989C9F8-6240-48BD-A8CC-2F0844A19DB3}
		{058CBDDF-F0AE-4303-B264-42C84933211F} = {F760AEF7-977A-40B6-B125-F45050E86004}
		{6775A0CD-F18E-40B9-B0AD-D5B89573267B} = {F760AEF7-977A-40B6-B125-F45050E86004}
		{9833CDA0-CE7B-48DD-AFFF-E30B242FA84C} = {F760AEF7-977A-40B6-B125-F45050E86004}
		{5AB13EB1-95C9-406D-A01A-7E534E885848} = {F760AEF7-977A-40B6-B125-F45050E86004}
		{88FA2DBA-A006-4011-869A-C99244CA1E1B} = {028C9676-95E6-465F-A43B-A1030BE1B662}
		{7BE3F0BF-1604-460E-A86A-9D6391136B80} = {028C9676-95E6-465F-A43B-A1030BE1B662}
		{3EE388A7-A90C-46FD-9A3E-6A21D323461A} = {028C9676-95E6-465F-A43B-A1030BE1B662}
		{8156817F-BC94-448C-B633-C7F49E9E7FA7} = {377CC505-393D-4EB6-A8F0-33C3DFF5ED07}
		{96C26C9C-EC5E-47B6-9B9A-7BEE2FBFDF43} = {97994DA1-753B-454D-98AB-C1BE854BBD95}
		{7A60DCD2-1F0E-4A2B-9CB9-7CE773427A04} = {876DD4F6-EDC1-44EA-B1FE-693D6B3FF663}
	EndGlobalSection
	GlobalSection(ExtensibilityGlobals) = postSolution
		SolutionGuid = {B8035EEB-670C-4A2D-BEB9-ECAEBF06E74D}
	EndGlobalSection
EndGlobal
